
Microsoft Visual Studio Solution File, Format Version 12.00
# Visual Studio Version 17
VisualStudioVersion = 17.3.32819.101
MinimumVisualStudioVersion = 10.0.40219.1
Project("{9A19103F-16F7-4668-BE54-9A1E7A4F7556}") = "sprint0", "sprint0\sprint0.csproj", "{1E6D0602-4FAF-4DAF-AF13-6F4EC4D15496}"
EndProject
Global
	GlobalSection(SolutionConfigurationPlatforms) = preSolution
		Debug|Any CPU = Debug|Any CPU
		Release|Any CPU = Release|Any CPU
	EndGlobalSection
	GlobalSection(ProjectConfigurationPlatforms) = postSolution
		{1E6D0602-4FAF-4DAF-AF13-6F4EC4D15496}.Debug|Any CPU.ActiveCfg = Debug|Any CPU
		{1E6D0602-4FAF-4DAF-AF13-6F4EC4D15496}.Debug|Any CPU.Build.0 = Debug|Any CPU
		{1E6D0602-4FAF-4DAF-AF13-6F4EC4D15496}.Release|Any CPU.ActiveCfg = Release|Any CPU
		{1E6D0602-4FAF-4DAF-AF13-6F4EC4D15496}.Release|Any CPU.Build.0 = Release|Any CPU
	EndGlobalSection
	GlobalSection(SolutionProperties) = preSolution
		HideSolutionNode = FALSE
	EndGlobalSection
	GlobalSection(ExtensibilityGlobals) = postSolution
		SolutionGuid = {B48A76FB-8EE2-43C7-8C39-DFEFD0BA374F}
	EndGlobalSection
EndGlobal
